
Microsoft Visual Studio Solution File, Format Version 11.00
# Visual Studio 2010
Project("{FAE04EC0-301F-11D3-BF4B-00C04F79EFBC}") = "menu_board_one", "menu_board_one\menu_board_one.csproj", "{6BB40631-EA7D-4C6B-9A08-1AE87CAE6FAD}"
EndProject
Global
	GlobalSection(SolutionConfigurationPlatforms) = preSolution
		Debug|x86 = Debug|x86
		Release|x86 = Release|x86
	EndGlobalSection
	GlobalSection(ProjectConfigurationPlatforms) = postSolution
		{6BB40631-EA7D-4C6B-9A08-1AE87CAE6FAD}.Debug|x86.ActiveCfg = Debug|x86
		{6BB40631-EA7D-4C6B-9A08-1AE87CAE6FAD}.Debug|x86.Build.0 = Debug|x86
		{6BB40631-EA7D-4C6B-9A08-1AE87CAE6FAD}.Release|x86.ActiveCfg = Release|x86
		{6BB40631-EA7D-4C6B-9A08-1AE87CAE6FAD}.Release|x86.Build.0 = Release|x86
	EndGlobalSection
	GlobalSection(SolutionProperties) = preSolution
		HideSolutionNode = FALSE
	EndGlobalSection
EndGlobal
